
Microsoft Visual Studio Solution File, Format Version 12.00
# Visual Studio Version 16
VisualStudioVersion = 16.0.32630.194
MinimumVisualStudioVersion = 10.0.40219.1
Project("{FAE04EC0-301F-11D3-BF4B-00C04F79EFBC}") = "FirstWindowsService", "WindowsService\FirstWindowsService.csproj", "{20CA8150-2F41-4A48-B62E-2CC26FCAB413}"
EndProject
Global
	GlobalSection(SolutionConfigurationPlatforms) = preSolution
		Debug|Any CPU = Debug|Any CPU
		Release|Any CPU = Release|Any CPU
	EndGlobalSection
	GlobalSection(ProjectConfigurationPlatforms) = postSolution
		{20CA8150-2F41-4A48-B62E-2CC26FCAB413}.Debug|Any CPU.ActiveCfg = Debug|Any CPU
		{20CA8150-2F41-4A48-B62E-2CC26FCAB413}.Debug|Any CPU.Build.0 = Debug|Any CPU
		{20CA8150-2F41-4A48-B62E-2CC26FCAB413}.Release|Any CPU.ActiveCfg = Release|Any CPU
		{20CA8150-2F41-4A48-B62E-2CC26FCAB413}.Release|Any CPU.Build.0 = Release|Any CPU
	EndGlobalSection
	GlobalSection(SolutionProperties) = preSolution
		HideSolutionNode = FALSE
	EndGlobalSection
	GlobalSection(ExtensibilityGlobals) = postSolution
		SolutionGuid = {C55E9590-06DE-43ED-8B63-0FC136C8F66B}
	EndGlobalSection
EndGlobal
